{
  "name": "frontend",
  "lockfileVersion": 3,
  "requires": true,
  "packages": {
    "": {
      "dependencies": {
        "@directus/sdk": "^16.0.0"
      }
    },
    "node_modules/@directus/sdk": {
      "version": "16.0.0",
      "resolved": "https://registry.npmjs.org/@directus/sdk/-/sdk-16.0.0.tgz",
      "integrity": "sha512-DuY32oukjGj24tto27E/2P3z3kwrVtxhM5dqPaVF6GNT50IQVR5g4v+u5nq/6hlrUc8KNispTRFRN/JXRsxV5w==",
      "dependencies": {
        "@directus/system-data": "1.0.3"
      },
      "engines": {
        "node": ">=18.0.0"
      },
      "funding": {
        "url": "https://github.com/directus/directus?sponsor=1"
      }
    },
    "node_modules/@directus/system-data": {
      "version": "1.0.3",
      "resolved": "https://registry.npmjs.org/@directus/system-data/-/system-data-1.0.3.tgz",
      "integrity": "sha512-Dr7w2RZiX3/+kBOLqz8KkMHXmDhzVVraaK+CLQNgsB1FOxotuegyWfQxTi+YvDhH9gEs8/yZZBKeyQetcTQfSg==",
      "funding": {
        "url": "https://github.com/directus/directus?sponsor=1"
      }
    }
  }
}
